
Microsoft Visual Studio Solution File, Format Version 12.00
# Visual Studio Version 17
VisualStudioVersion = 17.7.34221.43
MinimumVisualStudioVersion = 10.0.40219.1
Project("{9A19103F-16F7-4668-BE54-9A1E7A4F7556}") = "Api", "Api\Api.csproj", "{98750F26-3D3C-44CC-A5F7-5D07F1112A63}"
EndProject
Project("{2150E333-8FDC-42A3-9474-1A3956D46DE8}") = "Src", "Src", "{05008CC0-F17B-4406-A54B-9A6BC93C9E38}"
EndProject
Project("{2150E333-8FDC-42A3-9474-1A3956D46DE8}") = "Test", "Test", "{89BA88A0-4648-48D9-BBC8-369DED97D700}"
EndProject
Project("{9A19103F-16F7-4668-BE54-9A1E7A4F7556}") = "Domain", "Domain\Domain.csproj", "{5F56948A-4DB5-4179-BC54-DEEBF627901C}"
EndProject
Project("{9A19103F-16F7-4668-BE54-9A1E7A4F7556}") = "Application", "Application\Application.csproj", "{0EB2C5F1-73B2-460F-A43C-B4669A9F9093}"
EndProject
Project("{9A19103F-16F7-4668-BE54-9A1E7A4F7556}") = "Infrastructure", "Infrastructure\Infrastructure.csproj", "{F57DD529-9AFC-4A1C-AA21-5210B9F435CE}"
	ProjectSection(ProjectDependencies) = postProject
		{0EB2C5F1-73B2-460F-A43C-B4669A9F9093} = {0EB2C5F1-73B2-460F-A43C-B4669A9F9093}
		{5F56948A-4DB5-4179-BC54-DEEBF627901C} = {5F56948A-4DB5-4179-BC54-DEEBF627901C}
	EndProjectSection
EndProject
Project("{FAE04EC0-301F-11D3-BF4B-00C04F79EFBC}") = "Api.Test", "Api.Test\Api.Test.csproj", "{FC471CE3-3CB8-4AB6-9C8B-BA71E2269E92}"
EndProject
Project("{FAE04EC0-301F-11D3-BF4B-00C04F79EFBC}") = "Domain.Test", "Domain.Test\Domain.Test.csproj", "{68629653-B938-42EB-968F-CA5139A5D5A0}"
EndProject
Global
	GlobalSection(SolutionConfigurationPlatforms) = preSolution
		Debug|Any CPU = Debug|Any CPU
		Release|Any CPU = Release|Any CPU
	EndGlobalSection
	GlobalSection(ProjectConfigurationPlatforms) = postSolution
		{98750F26-3D3C-44CC-A5F7-5D07F1112A63}.Debug|Any CPU.ActiveCfg = Debug|Any CPU
		{98750F26-3D3C-44CC-A5F7-5D07F1112A63}.Debug|Any CPU.Build.0 = Debug|Any CPU
		{98750F26-3D3C-44CC-A5F7-5D07F1112A63}.Release|Any CPU.ActiveCfg = Release|Any CPU
		{98750F26-3D3C-44CC-A5F7-5D07F1112A63}.Release|Any CPU.Build.0 = Release|Any CPU
		{5F56948A-4DB5-4179-BC54-DEEBF627901C}.Debug|Any CPU.ActiveCfg = Debug|Any CPU
		{5F56948A-4DB5-4179-BC54-DEEBF627901C}.Debug|Any CPU.Build.0 = Debug|Any CPU
		{5F56948A-4DB5-4179-BC54-DEEBF627901C}.Release|Any CPU.ActiveCfg = Release|Any CPU
		{5F56948A-4DB5-4179-BC54-DEEBF627901C}.Release|Any CPU.Build.0 = Release|Any CPU
		{0EB2C5F1-73B2-460F-A43C-B4669A9F9093}.Debug|Any CPU.ActiveCfg = Debug|Any CPU
		{0EB2C5F1-73B2-460F-A43C-B4669A9F9093}.Debug|Any CPU.Build.0 = Debug|Any CPU
		{0EB2C5F1-73B2-460F-A43C-B4669A9F9093}.Release|Any CPU.ActiveCfg = Release|Any CPU
		{0EB2C5F1-73B2-460F-A43C-B4669A9F9093}.Release|Any CPU.Build.0 = Release|Any CPU
		{F57DD529-9AFC-4A1C-AA21-5210B9F435CE}.Debug|Any CPU.ActiveCfg = Debug|Any CPU
		{F57DD529-9AFC-4A1C-AA21-5210B9F435CE}.Debug|Any CPU.Build.0 = Debug|Any CPU
		{F57DD529-9AFC-4A1C-AA21-5210B9F435CE}.Release|Any CPU.ActiveCfg = Release|Any CPU
		{F57DD529-9AFC-4A1C-AA21-5210B9F435CE}.Release|Any CPU.Build.0 = Release|Any CPU
		{FC471CE3-3CB8-4AB6-9C8B-BA71E2269E92}.Debug|Any CPU.ActiveCfg = Debug|Any CPU
		{FC471CE3-3CB8-4AB6-9C8B-BA71E2269E92}.Debug|Any CPU.Build.0 = Debug|Any CPU
		{FC471CE3-3CB8-4AB6-9C8B-BA71E2269E92}.Release|Any CPU.ActiveCfg = Release|Any CPU
		{FC471CE3-3CB8-4AB6-9C8B-BA71E2269E92}.Release|Any CPU.Build.0 = Release|Any CPU
		{68629653-B938-42EB-968F-CA5139A5D5A0}.Debug|Any CPU.ActiveCfg = Debug|Any CPU
		{68629653-B938-42EB-968F-CA5139A5D5A0}.Debug|Any CPU.Build.0 = Debug|Any CPU
		{68629653-B938-42EB-968F-CA5139A5D5A0}.Release|Any CPU.ActiveCfg = Release|Any CPU
		{68629653-B938-42EB-968F-CA5139A5D5A0}.Release|Any CPU.Build.0 = Release|Any CPU
	EndGlobalSection
	GlobalSection(SolutionProperties) = preSolution
		HideSolutionNode = FALSE
	EndGlobalSection
	GlobalSection(NestedProjects) = preSolution
		{98750F26-3D3C-44CC-A5F7-5D07F1112A63} = {05008CC0-F17B-4406-A54B-9A6BC93C9E38}
		{5F56948A-4DB5-4179-BC54-DEEBF627901C} = {05008CC0-F17B-4406-A54B-9A6BC93C9E38}
		{0EB2C5F1-73B2-460F-A43C-B4669A9F9093} = {05008CC0-F17B-4406-A54B-9A6BC93C9E38}
		{F57DD529-9AFC-4A1C-AA21-5210B9F435CE} = {05008CC0-F17B-4406-A54B-9A6BC93C9E38}
		{FC471CE3-3CB8-4AB6-9C8B-BA71E2269E92} = {89BA88A0-4648-48D9-BBC8-369DED97D700}
		{68629653-B938-42EB-968F-CA5139A5D5A0} = {89BA88A0-4648-48D9-BBC8-369DED97D700}
	EndGlobalSection
	GlobalSection(ExtensibilityGlobals) = postSolution
		SolutionGuid = {3409A44A-78FC-42CA-888E-D56BC5F4792D}
	EndGlobalSection
EndGlobal
